
Microsoft Visual Studio Solution File, Format Version 12.00
# Visual Studio Version 16
VisualStudioVersion = 16.0.29920.165
MinimumVisualStudioVersion = 10.0.40219.1
Project("{FAE04EC0-301F-11D3-BF4B-00C04F79EFBC}") = "Mvvm1", "Mvvm1\Mvvm1.csproj", "{AEB6E43D-B5B3-49F1-87E4-5A9CCBECC952}"
EndProject
Global
	GlobalSection(SolutionConfigurationPlatforms) = preSolution
		Debug|Any CPU = Debug|Any CPU
		Release|Any CPU = Release|Any CPU
	EndGlobalSection
	GlobalSection(ProjectConfigurationPlatforms) = postSolution
		{AEB6E43D-B5B3-49F1-87E4-5A9CCBECC952}.Debug|Any CPU.ActiveCfg = Debug|Any CPU
		{AEB6E43D-B5B3-49F1-87E4-5A9CCBECC952}.Debug|Any CPU.Build.0 = Debug|Any CPU
		{AEB6E43D-B5B3-49F1-87E4-5A9CCBECC952}.Release|Any CPU.ActiveCfg = Release|Any CPU
		{AEB6E43D-B5B3-49F1-87E4-5A9CCBECC952}.Release|Any CPU.Build.0 = Release|Any CPU
	EndGlobalSection
	GlobalSection(SolutionProperties) = preSolution
		HideSolutionNode = FALSE
	EndGlobalSection
	GlobalSection(ExtensibilityGlobals) = postSolution
		SolutionGuid = {914E495E-FB1F-4CA9-BEC7-C776239F056F}
	EndGlobalSection
EndGlobal
